
Microsoft Visual Studio Solution File, Format Version 12.00
# Visual Studio Version 16
VisualStudioVersion = 16.0.32106.194
MinimumVisualStudioVersion = 10.0.40219.1
Project("{2150E333-8FDC-42A3-9474-1A3956D46DE8}") = "src", "src", "{0CEFA7DF-6DB8-4CD2-948A-9989CF0A4CBD}"
EndProject
Project("{2150E333-8FDC-42A3-9474-1A3956D46DE8}") = "test", "test", "{B01B8546-8066-4BC6-BD69-FD8121B7DF5D}"
EndProject
Project("{2150E333-8FDC-42A3-9474-1A3956D46DE8}") = "unit", "unit", "{377C3338-F3E4-4386-AE72-C20EB19BDC0C}"
EndProject
Project("{2150E333-8FDC-42A3-9474-1A3956D46DE8}") = "integration", "integration", "{C3A25137-787F-4F68-A9DD-159518147C74}"
EndProject
Project("{FAE04EC0-301F-11D3-BF4B-00C04F79EFBC}") = "Domain", "src\Domain\Domain.csproj", "{5786436B-2F74-4066-9149-55144019C7A2}"
EndProject
Project("{FAE04EC0-301F-11D3-BF4B-00C04F79EFBC}") = "Application", "src\Application\Application.csproj", "{9F83D4D5-F31D-4EC8-82CA-17BB408C662B}"
EndProject
Project("{FAE04EC0-301F-11D3-BF4B-00C04F79EFBC}") = "Infrastructure.Discord", "src\Infrastructure.Discord\Infrastructure.Discord.csproj", "{058B9C97-7EFC-471B-8884-CD9AB3AD89E3}"
EndProject
Project("{FAE04EC0-301F-11D3-BF4B-00C04F79EFBC}") = "Application.Tests", "test\integration\Application.Tests\Application.Tests.csproj", "{C4BA7EA4-8EB6-4111-B112-23F81B8F064B}"
EndProject
Project("{FAE04EC0-301F-11D3-BF4B-00C04F79EFBC}") = "Domain.Tests", "test\unit\Domain.Tests\Domain.Tests.csproj", "{8AF961F2-8FDE-45F4-9706-EBD44D7547E2}"
EndProject
Project("{FAE04EC0-301F-11D3-BF4B-00C04F79EFBC}") = "Infrastructure.DB", "src\Infrastructure.DB\Infrastructure.DB.csproj", "{B574637A-B607-44C6-88A3-52038A8AB323}"
EndProject
Project("{FAE04EC0-301F-11D3-BF4B-00C04F79EFBC}") = "ReleaseNotifierApp", "src\ReleaseNotifierApp\ReleaseNotifierApp.csproj", "{1C0317F0-FEC0-43B0-B41E-445B48C6F9D2}"
EndProject
Project("{2150E333-8FDC-42A3-9474-1A3956D46DE8}") = "doc", "doc", "{5250E6DD-DF12-45FF-9B86-C14364FC88FE}"
	ProjectSection(SolutionItems) = preProject
		README.md = README.md
	EndProjectSection
EndProject
Project("{2150E333-8FDC-42A3-9474-1A3956D46DE8}") = "shared", "shared", "{68D0DCA6-58BE-4959-AB35-669FEDE6728C}"
EndProject
Project("{FAE04EC0-301F-11D3-BF4B-00C04F79EFBC}") = "shared", "test\shared\Shared\Shared.csproj", "{957404C9-6A1E-41B5-8375-DC2414F176D7}"
EndProject
Project("{FAE04EC0-301F-11D3-BF4B-00C04F79EFBC}") = "Application.Tests", "test\unit\Application.Tests\Application.Tests.csproj", "{2F4D833B-1650-4361-9D02-BA52BBDF1846}"
EndProject
Project("{FAE04EC0-301F-11D3-BF4B-00C04F79EFBC}") = "Infrastructure.General", "src\Infrastructure.General\Infrastructure.General.csproj", "{E4011FB0-DDF1-4CED-AD44-E5B3470AE280}"
EndProject
Project("{2150E333-8FDC-42A3-9474-1A3956D46DE8}") = "build", "build", "{E6BFE6A2-12D1-4621-9C7F-5F53D7DEBB90}"
	ProjectSection(SolutionItems) = preProject
		build\docker-compose.yml = build\docker-compose.yml
		build\Dockerfile = build\Dockerfile
		build\wait-for.sh = build\wait-for.sh
		build\docker-compose.DEV.yml = build\docker-compose.DEV.yml
		build\docker-compose.CI.yml = build\docker-compose.CI.yml
	EndProjectSection
EndProject
Project("{2150E333-8FDC-42A3-9474-1A3956D46DE8}") = "ci", "ci", "{B5B45A45-FA71-4468-9690-26DF1E12AC86}"
	ProjectSection(SolutionItems) = preProject
		.github\workflows\build.yml = .github\workflows\build.yml
		.github\workflows\deploy_heroku_DEV.yml = .github\workflows\deploy_heroku_DEV.yml
		.github\workflows\deploy_heroku_PROD.yml = .github\workflows\deploy_heroku_PROD.yml
	EndProjectSection
EndProject
Project("{FAE04EC0-301F-11D3-BF4B-00C04F79EFBC}") = "Infrastructure.Scraper", "src\Infrastructure.Scraper\Infrastructure.Scraper.csproj", "{FE931D1E-E986-4A1A-A1A7-0E9C2D9D1EDE}"
EndProject
Global
	GlobalSection(SolutionConfigurationPlatforms) = preSolution
		Debug|Any CPU = Debug|Any CPU
		Release|Any CPU = Release|Any CPU
	EndGlobalSection
	GlobalSection(ProjectConfigurationPlatforms) = postSolution
		{5786436B-2F74-4066-9149-55144019C7A2}.Debug|Any CPU.ActiveCfg = Debug|Any CPU
		{5786436B-2F74-4066-9149-55144019C7A2}.Debug|Any CPU.Build.0 = Debug|Any CPU
		{5786436B-2F74-4066-9149-55144019C7A2}.Release|Any CPU.ActiveCfg = Release|Any CPU
		{5786436B-2F74-4066-9149-55144019C7A2}.Release|Any CPU.Build.0 = Release|Any CPU
		{9F83D4D5-F31D-4EC8-82CA-17BB408C662B}.Debug|Any CPU.ActiveCfg = Debug|Any CPU
		{9F83D4D5-F31D-4EC8-82CA-17BB408C662B}.Debug|Any CPU.Build.0 = Debug|Any CPU
		{9F83D4D5-F31D-4EC8-82CA-17BB408C662B}.Release|Any CPU.ActiveCfg = Release|Any CPU
		{9F83D4D5-F31D-4EC8-82CA-17BB408C662B}.Release|Any CPU.Build.0 = Release|Any CPU
		{058B9C97-7EFC-471B-8884-CD9AB3AD89E3}.Debug|Any CPU.ActiveCfg = Debug|Any CPU
		{058B9C97-7EFC-471B-8884-CD9AB3AD89E3}.Debug|Any CPU.Build.0 = Debug|Any CPU
		{058B9C97-7EFC-471B-8884-CD9AB3AD89E3}.Release|Any CPU.ActiveCfg = Release|Any CPU
		{058B9C97-7EFC-471B-8884-CD9AB3AD89E3}.Release|Any CPU.Build.0 = Release|Any CPU
		{C4BA7EA4-8EB6-4111-B112-23F81B8F064B}.Debug|Any CPU.ActiveCfg = Debug|Any CPU
		{C4BA7EA4-8EB6-4111-B112-23F81B8F064B}.Debug|Any CPU.Build.0 = Debug|Any CPU
		{C4BA7EA4-8EB6-4111-B112-23F81B8F064B}.Release|Any CPU.ActiveCfg = Release|Any CPU
		{C4BA7EA4-8EB6-4111-B112-23F81B8F064B}.Release|Any CPU.Build.0 = Release|Any CPU
		{8AF961F2-8FDE-45F4-9706-EBD44D7547E2}.Debug|Any CPU.ActiveCfg = Debug|Any CPU
		{8AF961F2-8FDE-45F4-9706-EBD44D7547E2}.Debug|Any CPU.Build.0 = Debug|Any CPU
		{8AF961F2-8FDE-45F4-9706-EBD44D7547E2}.Release|Any CPU.ActiveCfg = Release|Any CPU
		{8AF961F2-8FDE-45F4-9706-EBD44D7547E2}.Release|Any CPU.Build.0 = Release|Any CPU
		{B574637A-B607-44C6-88A3-52038A8AB323}.Debug|Any CPU.ActiveCfg = Debug|Any CPU
		{B574637A-B607-44C6-88A3-52038A8AB323}.Debug|Any CPU.Build.0 = Debug|Any CPU
		{B574637A-B607-44C6-88A3-52038A8AB323}.Release|Any CPU.ActiveCfg = Release|Any CPU
		{B574637A-B607-44C6-88A3-52038A8AB323}.Release|Any CPU.Build.0 = Release|Any CPU
		{1C0317F0-FEC0-43B0-B41E-445B48C6F9D2}.Debug|Any CPU.ActiveCfg = Debug|Any CPU
		{1C0317F0-FEC0-43B0-B41E-445B48C6F9D2}.Debug|Any CPU.Build.0 = Debug|Any CPU
		{1C0317F0-FEC0-43B0-B41E-445B48C6F9D2}.Release|Any CPU.ActiveCfg = Release|Any CPU
		{1C0317F0-FEC0-43B0-B41E-445B48C6F9D2}.Release|Any CPU.Build.0 = Release|Any CPU
		{957404C9-6A1E-41B5-8375-DC2414F176D7}.Release|Any CPU.ActiveCfg = Release|Any CPU
		{957404C9-6A1E-41B5-8375-DC2414F176D7}.Release|Any CPU.Build.0 = Release|Any CPU
		{957404C9-6A1E-41B5-8375-DC2414F176D7}.Debug|Any CPU.ActiveCfg = Debug|Any CPU
		{957404C9-6A1E-41B5-8375-DC2414F176D7}.Debug|Any CPU.Build.0 = Debug|Any CPU
		{2F4D833B-1650-4361-9D02-BA52BBDF1846}.Debug|Any CPU.ActiveCfg = Debug|Any CPU
		{2F4D833B-1650-4361-9D02-BA52BBDF1846}.Debug|Any CPU.Build.0 = Debug|Any CPU
		{2F4D833B-1650-4361-9D02-BA52BBDF1846}.Release|Any CPU.ActiveCfg = Release|Any CPU
		{2F4D833B-1650-4361-9D02-BA52BBDF1846}.Release|Any CPU.Build.0 = Release|Any CPU
		{E4011FB0-DDF1-4CED-AD44-E5B3470AE280}.Debug|Any CPU.ActiveCfg = Debug|Any CPU
		{E4011FB0-DDF1-4CED-AD44-E5B3470AE280}.Debug|Any CPU.Build.0 = Debug|Any CPU
		{E4011FB0-DDF1-4CED-AD44-E5B3470AE280}.Release|Any CPU.ActiveCfg = Release|Any CPU
		{E4011FB0-DDF1-4CED-AD44-E5B3470AE280}.Release|Any CPU.Build.0 = Release|Any CPU
		{FE931D1E-E986-4A1A-A1A7-0E9C2D9D1EDE}.Debug|Any CPU.ActiveCfg = Debug|Any CPU
		{FE931D1E-E986-4A1A-A1A7-0E9C2D9D1EDE}.Debug|Any CPU.Build.0 = Debug|Any CPU
		{FE931D1E-E986-4A1A-A1A7-0E9C2D9D1EDE}.Release|Any CPU.ActiveCfg = Release|Any CPU
		{FE931D1E-E986-4A1A-A1A7-0E9C2D9D1EDE}.Release|Any CPU.Build.0 = Release|Any CPU
	EndGlobalSection
	GlobalSection(SolutionProperties) = preSolution
		HideSolutionNode = FALSE
	EndGlobalSection
	GlobalSection(NestedProjects) = preSolution
		{377C3338-F3E4-4386-AE72-C20EB19BDC0C} = {B01B8546-8066-4BC6-BD69-FD8121B7DF5D}
		{C3A25137-787F-4F68-A9DD-159518147C74} = {B01B8546-8066-4BC6-BD69-FD8121B7DF5D}
		{5786436B-2F74-4066-9149-55144019C7A2} = {0CEFA7DF-6DB8-4CD2-948A-9989CF0A4CBD}
		{9F83D4D5-F31D-4EC8-82CA-17BB408C662B} = {0CEFA7DF-6DB8-4CD2-948A-9989CF0A4CBD}
		{058B9C97-7EFC-471B-8884-CD9AB3AD89E3} = {0CEFA7DF-6DB8-4CD2-948A-9989CF0A4CBD}
		{C4BA7EA4-8EB6-4111-B112-23F81B8F064B} = {C3A25137-787F-4F68-A9DD-159518147C74}
		{8AF961F2-8FDE-45F4-9706-EBD44D7547E2} = {377C3338-F3E4-4386-AE72-C20EB19BDC0C}
		{B574637A-B607-44C6-88A3-52038A8AB323} = {0CEFA7DF-6DB8-4CD2-948A-9989CF0A4CBD}
		{1C0317F0-FEC0-43B0-B41E-445B48C6F9D2} = {0CEFA7DF-6DB8-4CD2-948A-9989CF0A4CBD}
		{68D0DCA6-58BE-4959-AB35-669FEDE6728C} = {B01B8546-8066-4BC6-BD69-FD8121B7DF5D}
		{957404C9-6A1E-41B5-8375-DC2414F176D7} = {68D0DCA6-58BE-4959-AB35-669FEDE6728C}
		{2F4D833B-1650-4361-9D02-BA52BBDF1846} = {377C3338-F3E4-4386-AE72-C20EB19BDC0C}
		{E4011FB0-DDF1-4CED-AD44-E5B3470AE280} = {0CEFA7DF-6DB8-4CD2-948A-9989CF0A4CBD}
		{FE931D1E-E986-4A1A-A1A7-0E9C2D9D1EDE} = {0CEFA7DF-6DB8-4CD2-948A-9989CF0A4CBD}
	EndGlobalSection
	GlobalSection(ExtensibilityGlobals) = postSolution
		SolutionGuid = {B7EC3C59-1E7D-450E-976C-3598BD5E8088}
	EndGlobalSection
EndGlobal
